
Microsoft Visual Studio Solution File, Format Version 12.00
# Visual Studio Version 17
VisualStudioVersion = 17.4.33103.184
MinimumVisualStudioVersion = 10.0.40219.1
Project("{FAE04EC0-301F-11D3-BF4B-00C04F79EFBC}") = "Loadson", "Loadson\Loadson.csproj", "{094DACCD-DB1C-43CD-AB1F-B838E2B1EB14}"
EndProject
Project("{FAE04EC0-301F-11D3-BF4B-00C04F79EFBC}") = "Kernel", "Kernel\Kernel.csproj", "{7E5D9D48-5E6A-490F-82D2-1A4B3F9582F6}"
	ProjectSection(ProjectDependencies) = postProject
		{00AF0914-85A6-410E-99A8-91CB7012A72F} = {00AF0914-85A6-410E-99A8-91CB7012A72F}
	EndProjectSection
EndProject
Project("{FAE04EC0-301F-11D3-BF4B-00C04F79EFBC}") = "ModBuilder", "ModBuilder\ModBuilder.csproj", "{3497622D-3448-4CBE-BC9C-75115C46D523}"
EndProject
Project("{FAE04EC0-301F-11D3-BF4B-00C04F79EFBC}") = "DevKit", "DevKit\DevKit.csproj", "{169E9A96-CAFD-4DBA-9C6F-AEDE6663176E}"
EndProject
Project("{2150E333-8FDC-42A3-9474-1A3956D46DE8}") = "Solution Items", "Solution Items", "{95822408-65F2-41F8-BBC0-531D9431EB4D}"
	ProjectSection(SolutionItems) = preProject
		.editorconfig = .editorconfig
	EndProjectSection
EndProject
Project("{FAE04EC0-301F-11D3-BF4B-00C04F79EFBC}") = "Updater", "Updater\Updater.csproj", "{00AF0914-85A6-410E-99A8-91CB7012A72F}"
EndProject
Project("{FAE04EC0-301F-11D3-BF4B-00C04F79EFBC}") = "Launcher", "Launcher\Launcher.csproj", "{D81A115D-1D00-4564-9457-483C1FB98E63}"
EndProject
Project("{FAE04EC0-301F-11D3-BF4B-00C04F79EFBC}") = "Builder", "Builder\Builder.csproj", "{02A2FB7A-C1F8-4D60-9BBE-3A03DEAF8154}"
EndProject
Global
	GlobalSection(SolutionConfigurationPlatforms) = preSolution
		Debug|Any CPU = Debug|Any CPU
		Debug|x64 = Debug|x64
		LoadsonAPI|Any CPU = LoadsonAPI|Any CPU
		LoadsonAPI|x64 = LoadsonAPI|x64
		Release|Any CPU = Release|Any CPU
		Release|x64 = Release|x64
	EndGlobalSection
	GlobalSection(ProjectConfigurationPlatforms) = postSolution
		{094DACCD-DB1C-43CD-AB1F-B838E2B1EB14}.Debug|Any CPU.ActiveCfg = Debug|Any CPU
		{094DACCD-DB1C-43CD-AB1F-B838E2B1EB14}.Debug|Any CPU.Build.0 = Debug|Any CPU
		{094DACCD-DB1C-43CD-AB1F-B838E2B1EB14}.Debug|x64.ActiveCfg = Debug|Any CPU
		{094DACCD-DB1C-43CD-AB1F-B838E2B1EB14}.Debug|x64.Build.0 = Debug|Any CPU
		{094DACCD-DB1C-43CD-AB1F-B838E2B1EB14}.LoadsonAPI|Any CPU.ActiveCfg = LoadsonAPI|Any CPU
		{094DACCD-DB1C-43CD-AB1F-B838E2B1EB14}.LoadsonAPI|Any CPU.Build.0 = LoadsonAPI|Any CPU
		{094DACCD-DB1C-43CD-AB1F-B838E2B1EB14}.LoadsonAPI|x64.ActiveCfg = LoadsonAPI|Any CPU
		{094DACCD-DB1C-43CD-AB1F-B838E2B1EB14}.LoadsonAPI|x64.Build.0 = LoadsonAPI|Any CPU
		{094DACCD-DB1C-43CD-AB1F-B838E2B1EB14}.Release|Any CPU.ActiveCfg = Release|Any CPU
		{094DACCD-DB1C-43CD-AB1F-B838E2B1EB14}.Release|Any CPU.Build.0 = Release|Any CPU
		{094DACCD-DB1C-43CD-AB1F-B838E2B1EB14}.Release|x64.ActiveCfg = Release|Any CPU
		{094DACCD-DB1C-43CD-AB1F-B838E2B1EB14}.Release|x64.Build.0 = Release|Any CPU
		{7E5D9D48-5E6A-490F-82D2-1A4B3F9582F6}.Debug|Any CPU.ActiveCfg = Debug|Any CPU
		{7E5D9D48-5E6A-490F-82D2-1A4B3F9582F6}.Debug|Any CPU.Build.0 = Debug|Any CPU
		{7E5D9D48-5E6A-490F-82D2-1A4B3F9582F6}.Debug|x64.ActiveCfg = Debug|Any CPU
		{7E5D9D48-5E6A-490F-82D2-1A4B3F9582F6}.Debug|x64.Build.0 = Debug|Any CPU
		{7E5D9D48-5E6A-490F-82D2-1A4B3F9582F6}.LoadsonAPI|Any CPU.ActiveCfg = LoadsonAPI|Any CPU
		{7E5D9D48-5E6A-490F-82D2-1A4B3F9582F6}.LoadsonAPI|Any CPU.Build.0 = LoadsonAPI|Any CPU
		{7E5D9D48-5E6A-490F-82D2-1A4B3F9582F6}.LoadsonAPI|x64.ActiveCfg = LoadsonAPI|Any CPU
		{7E5D9D48-5E6A-490F-82D2-1A4B3F9582F6}.Release|Any CPU.ActiveCfg = Release|Any CPU
		{7E5D9D48-5E6A-490F-82D2-1A4B3F9582F6}.Release|Any CPU.Build.0 = Release|Any CPU
		{7E5D9D48-5E6A-490F-82D2-1A4B3F9582F6}.Release|x64.ActiveCfg = Release|Any CPU
		{7E5D9D48-5E6A-490F-82D2-1A4B3F9582F6}.Release|x64.Build.0 = Release|Any CPU
		{3497622D-3448-4CBE-BC9C-75115C46D523}.Debug|Any CPU.ActiveCfg = Release|Any CPU
		{3497622D-3448-4CBE-BC9C-75115C46D523}.Debug|Any CPU.Build.0 = Release|Any CPU
		{3497622D-3448-4CBE-BC9C-75115C46D523}.Debug|x64.ActiveCfg = Release|Any CPU
		{3497622D-3448-4CBE-BC9C-75115C46D523}.Debug|x64.Build.0 = Release|Any CPU
		{3497622D-3448-4CBE-BC9C-75115C46D523}.LoadsonAPI|Any CPU.ActiveCfg = LoadsonAPI|Any CPU
		{3497622D-3448-4CBE-BC9C-75115C46D523}.LoadsonAPI|Any CPU.Build.0 = LoadsonAPI|Any CPU
		{3497622D-3448-4CBE-BC9C-75115C46D523}.LoadsonAPI|x64.ActiveCfg = LoadsonAPI|Any CPU
		{3497622D-3448-4CBE-BC9C-75115C46D523}.Release|Any CPU.ActiveCfg = Release|Any CPU
		{3497622D-3448-4CBE-BC9C-75115C46D523}.Release|Any CPU.Build.0 = Release|Any CPU
		{3497622D-3448-4CBE-BC9C-75115C46D523}.Release|x64.ActiveCfg = Release|Any CPU
		{3497622D-3448-4CBE-BC9C-75115C46D523}.Release|x64.Build.0 = Release|Any CPU
		{169E9A96-CAFD-4DBA-9C6F-AEDE6663176E}.Debug|Any CPU.ActiveCfg = Debug|Any CPU
		{169E9A96-CAFD-4DBA-9C6F-AEDE6663176E}.Debug|Any CPU.Build.0 = Debug|Any CPU
		{169E9A96-CAFD-4DBA-9C6F-AEDE6663176E}.Debug|x64.ActiveCfg = Debug|Any CPU
		{169E9A96-CAFD-4DBA-9C6F-AEDE6663176E}.Debug|x64.Build.0 = Debug|Any CPU
		{169E9A96-CAFD-4DBA-9C6F-AEDE6663176E}.LoadsonAPI|Any CPU.ActiveCfg = LoadsonAPI|Any CPU
		{169E9A96-CAFD-4DBA-9C6F-AEDE6663176E}.LoadsonAPI|Any CPU.Build.0 = LoadsonAPI|Any CPU
		{169E9A96-CAFD-4DBA-9C6F-AEDE6663176E}.LoadsonAPI|x64.ActiveCfg = LoadsonAPI|Any CPU
		{169E9A96-CAFD-4DBA-9C6F-AEDE6663176E}.Release|Any CPU.ActiveCfg = Release|Any CPU
		{169E9A96-CAFD-4DBA-9C6F-AEDE6663176E}.Release|Any CPU.Build.0 = Release|Any CPU
		{169E9A96-CAFD-4DBA-9C6F-AEDE6663176E}.Release|x64.ActiveCfg = Release|Any CPU
		{169E9A96-CAFD-4DBA-9C6F-AEDE6663176E}.Release|x64.Build.0 = Release|Any CPU
		{00AF0914-85A6-410E-99A8-91CB7012A72F}.Debug|Any CPU.ActiveCfg = Debug|Any CPU
		{00AF0914-85A6-410E-99A8-91CB7012A72F}.Debug|Any CPU.Build.0 = Debug|Any CPU
		{00AF0914-85A6-410E-99A8-91CB7012A72F}.Debug|x64.ActiveCfg = Debug|Any CPU
		{00AF0914-85A6-410E-99A8-91CB7012A72F}.Debug|x64.Build.0 = Debug|Any CPU
		{00AF0914-85A6-410E-99A8-91CB7012A72F}.LoadsonAPI|Any CPU.ActiveCfg = LoadsonAPI|Any CPU
		{00AF0914-85A6-410E-99A8-91CB7012A72F}.LoadsonAPI|Any CPU.Build.0 = LoadsonAPI|Any CPU
		{00AF0914-85A6-410E-99A8-91CB7012A72F}.LoadsonAPI|x64.ActiveCfg = LoadsonAPI|Any CPU
		{00AF0914-85A6-410E-99A8-91CB7012A72F}.Release|Any CPU.ActiveCfg = Release|Any CPU
		{00AF0914-85A6-410E-99A8-91CB7012A72F}.Release|Any CPU.Build.0 = Release|Any CPU
		{00AF0914-85A6-410E-99A8-91CB7012A72F}.Release|x64.ActiveCfg = Release|Any CPU
		{00AF0914-85A6-410E-99A8-91CB7012A72F}.Release|x64.Build.0 = Release|Any CPU
		{D81A115D-1D00-4564-9457-483C1FB98E63}.Debug|Any CPU.ActiveCfg = Debug|Any CPU
		{D81A115D-1D00-4564-9457-483C1FB98E63}.Debug|Any CPU.Build.0 = Debug|Any CPU
		{D81A115D-1D00-4564-9457-483C1FB98E63}.Debug|x64.ActiveCfg = Debug|Any CPU
		{D81A115D-1D00-4564-9457-483C1FB98E63}.Debug|x64.Build.0 = Debug|Any CPU
		{D81A115D-1D00-4564-9457-483C1FB98E63}.LoadsonAPI|Any CPU.ActiveCfg = LoadsonAPI|Any CPU
		{D81A115D-1D00-4564-9457-483C1FB98E63}.LoadsonAPI|Any CPU.Build.0 = LoadsonAPI|Any CPU
		{D81A115D-1D00-4564-9457-483C1FB98E63}.LoadsonAPI|x64.ActiveCfg = LoadsonAPI|Any CPU
		{D81A115D-1D00-4564-9457-483C1FB98E63}.Release|Any CPU.ActiveCfg = Release|Any CPU
		{D81A115D-1D00-4564-9457-483C1FB98E63}.Release|Any CPU.Build.0 = Release|Any CPU
		{D81A115D-1D00-4564-9457-483C1FB98E63}.Release|x64.ActiveCfg = Release|Any CPU
		{D81A115D-1D00-4564-9457-483C1FB98E63}.Release|x64.Build.0 = Release|Any CPU
		{02A2FB7A-C1F8-4D60-9BBE-3A03DEAF8154}.Debug|Any CPU.ActiveCfg = Debug|Any CPU
		{02A2FB7A-C1F8-4D60-9BBE-3A03DEAF8154}.Debug|Any CPU.Build.0 = Debug|Any CPU
		{02A2FB7A-C1F8-4D60-9BBE-3A03DEAF8154}.Debug|x64.ActiveCfg = Debug|Any CPU
		{02A2FB7A-C1F8-4D60-9BBE-3A03DEAF8154}.Debug|x64.Build.0 = Debug|Any CPU
		{02A2FB7A-C1F8-4D60-9BBE-3A03DEAF8154}.LoadsonAPI|Any CPU.ActiveCfg = Debug|Any CPU
		{02A2FB7A-C1F8-4D60-9BBE-3A03DEAF8154}.LoadsonAPI|Any CPU.Build.0 = Debug|Any CPU
		{02A2FB7A-C1F8-4D60-9BBE-3A03DEAF8154}.LoadsonAPI|x64.ActiveCfg = Debug|Any CPU
		{02A2FB7A-C1F8-4D60-9BBE-3A03DEAF8154}.LoadsonAPI|x64.Build.0 = Debug|Any CPU
		{02A2FB7A-C1F8-4D60-9BBE-3A03DEAF8154}.Release|Any CPU.ActiveCfg = Release|Any CPU
		{02A2FB7A-C1F8-4D60-9BBE-3A03DEAF8154}.Release|Any CPU.Build.0 = Release|Any CPU
		{02A2FB7A-C1F8-4D60-9BBE-3A03DEAF8154}.Release|x64.ActiveCfg = Release|Any CPU
		{02A2FB7A-C1F8-4D60-9BBE-3A03DEAF8154}.Release|x64.Build.0 = Release|Any CPU
	EndGlobalSection
	GlobalSection(SolutionProperties) = preSolution
		HideSolutionNode = FALSE
	EndGlobalSection
	GlobalSection(ExtensibilityGlobals) = postSolution
		SolutionGuid = {1C31BA39-49A7-4679-AF40-B98C14DC400C}
	EndGlobalSection
EndGlobal
